// !$*UTF8*$!
{
	archiveVersion = 1;
	classes = {
	};
	objectVersion = 56;
	objects = {

/* Begin PBXBuildFile section */
		CC171B7E2BFB17E40057A8C1 /* AppDelegate.swift in Sources */ = {isa = PBXBuildFile; fileRef = CC171B7D2BFB17E40057A8C1 /* AppDelegate.swift */; };
		CC171B802BFB17E40057A8C1 /* SceneDelegate.swift in Sources */ = {isa = PBXBuildFile; fileRef = CC171B7F2BFB17E40057A8C1 /* SceneDelegate.swift */; };
		CC171B822BFB17E40057A8C1 /* ViewController.swift in Sources */ = {isa = PBXBuildFile; fileRef = CC171B812BFB17E40057A8C1 /* ViewController.swift */; };
		CC171B852BFB17E40057A8C1 /* Base in Resources */ = {isa = PBXBuildFile; fileRef = CC171B842BFB17E40057A8C1 /* Base */; };
		CC171B872BFB17E70057A8C1 /* Assets.xcassets in Resources */ = {isa = PBXBuildFile; fileRef = CC171B862BFB17E70057A8C1 /* Assets.xcassets */; };
		CC171B8A2BFB17E70057A8C1 /* Base in Resources */ = {isa = PBXBuildFile; fileRef = CC171B892BFB17E70057A8C1 /* Base */; };
		CC171B952BFB17E70057A8C1 /* magic8BallTests.swift in Sources */ = {isa = PBXBuildFile; fileRef = CC171B942BFB17E70057A8C1 /* magic8BallTests.swift */; };
		CC171B9F2BFB17E70057A8C1 /* magic8BallUITests.swift in Sources */ = {isa = PBXBuildFile; fileRef = CC171B9E2BFB17E70057A8C1 /* magic8BallUITests.swift */; };
		CC171BA12BFB17E70057A8C1 /* magic8BallUITestsLaunchTests.swift in Sources */ = {isa = PBXBuildFile; fileRef = CC171BA02BFB17E70057A8C1 /* magic8BallUITestsLaunchTests.swift */; };
/* End PBXBuildFile section */

/* Begin PBXContainerItemProxy section */
		CC171B912BFB17E70057A8C1 /* PBXContainerItemProxy */ = {
			isa = PBXContainerItemProxy;
			containerPortal = CC171B722BFB17E40057A8C1 /* Project object */;
			proxyType = 1;
			remoteGlobalIDString = CC171B792BFB17E40057A8C1;
			remoteInfo = magic8Ball;
		};
		CC171B9B2BFB17E70057A8C1 /* PBXContainerItemProxy */ = {
			isa = PBXContainerItemProxy;
			containerPortal = CC171B722BFB17E40057A8C1 /* Project object */;
			proxyType = 1;
			remoteGlobalIDString = CC171B792BFB17E40057A8C1;
			remoteInfo = magic8Ball;
		};
/* End PBXContainerItemProxy section */

/* Begin PBXFileReference section */
		CC171B7A2BFB17E40057A8C1 /* magic8Ball.app */ = {isa = PBXFileReference; explicitFileType = wrapper.application; includeInIndex = 0; path = magic8Ball.app; sourceTree = BUILT_PRODUCTS_DIR; };
		CC171B7D2BFB17E40057A8C1 /* AppDelegate.swift */ = {isa = PBXFileReference; lastKnownFileType = sourcecode.swift; path = AppDelegate.swift; sourceTree = "<group>"; };
		CC171B7F2BFB17E40057A8C1 /* SceneDelegate.swift */ = {isa = PBXFileReference; lastKnownFileType = sourcecode.swift; path = SceneDelegate.swift; sourceTree = "<group>"; };
		CC171B812BFB17E40057A8C1 /* ViewController.swift */ = {isa = PBXFileReference; lastKnownFileType = sourcecode.swift; path = ViewController.swift; sourceTree = "<group>"; };
		CC171B842BFB17E40057A8C1 /* Base */ = {isa = PBXFileReference; lastKnownFileType = file.storyboard; name = Base; path = Base.lproj/Main.storyboard; sourceTree = "<group>"; };
		CC171B862BFB17E70057A8C1 /* Assets.xcassets */ = {isa = PBXFileReference; lastKnownFileType = folder.assetcatalog; path = Assets.xcassets; sourceTree = "<group>"; };
		CC171B892BFB17E70057A8C1 /* Base */ = {isa = PBXFileReference; lastKnownFileType = file.storyboard; name = Base; path = Base.lproj/LaunchScreen.storyboard; sourceTree = "<group>"; };
		CC171B8B2BFB17E70057A8C1 /* Info.plist */ = {isa = PBXFileReference; lastKnownFileType = text.plist.xml; path = Info.plist; sourceTree = "<group>"; };
		CC171B902BFB17E70057A8C1 /* magic8BallTests.xctest */ = {isa = PBXFileReference; explicitFileType = wrapper.cfbundle; includeInIndex = 0; path = magic8BallTests.xctest; sourceTree = BUILT_PRODUCTS_DIR; };
		CC171B942BFB17E70057A8C1 /* magic8BallTests.swift */ = {isa = PBXFileReference; lastKnownFileType = sourcecode.swift; path = magic8BallTests.swift; sourceTree = "<group>"; };
		CC171B9A2BFB17E70057A8C1 /* magic8BallUITests.xctest */ = {isa = PBXFileReference; explicitFileType = wrapper.cfbundle; includeInIndex = 0; path = magic8BallUITests.xctest; sourceTree = BUILT_PRODUCTS_DIR; };
		CC171B9E2BFB17E70057A8C1 /* magic8BallUITests.swift */ = {isa = PBXFileReference; lastKnownFileType = sourcecode.swift; path = magic8BallUITests.swift; sourceTree = "<group>"; };
		CC171BA02BFB17E70057A8C1 /* magic8BallUITestsLaunchTests.swift */ = {isa = PBXFileReference; lastKnownFileType = sourcecode.swift; path = magic8BallUITestsLaunchTests.swift; sourceTree = "<group>"; };
/* End PBXFileReference section */

/* Begin PBXFrameworksBuildPhase section */
		CC171B772BFB17E40057A8C1 /* Frameworks */ = {
			isa = PBXFrameworksBuildPhase;
			buildActionMask = 2147483647;
			files = (
			);
			runOnlyForDeploymentPostprocessing = 0;
		};
		CC171B8D2BFB17E70057A8C1 /* Frameworks */ = {
			isa = PBXFrameworksBuildPhase;
			buildActionMask = 2147483647;
			files = (
			);
			runOnlyForDeploymentPostprocessing = 0;
		};
		CC171B972BFB17E70057A8C1 /* Frameworks */ = {
			isa = PBXFrameworksBuildPhase;
			buildActionMask = 2147483647;
			files = (
			);
			runOnlyForDeploymentPostprocessing = 0;
		};
/* End PBXFrameworksBuildPhase section */

/* Begin PBXGroup section */
		CC171B712BFB17E40057A8C1 = {
			isa = PBXGroup;
			children = (
				CC171B7C2BFB17E40057A8C1 /* magic8Ball */,
				CC171B932BFB17E70057A8C1 /* magic8BallTests */,
				CC171B9D2BFB17E70057A8C1 /* magic8BallUITests */,
				CC171B7B2BFB17E40057A8C1 /* Products */,
			);
			sourceTree = "<group>";
		};
		CC171B7B2BFB17E40057A8C1 /* Products */ = {
			isa = PBXGroup;
			children = (
				CC171B7A2BFB17E40057A8C1 /* magic8Ball.app */,
				CC171B902BFB17E70057A8C1 /* magic8BallTests.xctest */,
				CC171B9A2BFB17E70057A8C1 /* magic8BallUITests.xctest */,
			);
			name = Products;
			sourceTree = "<group>";
		};
		CC171B7C2BFB17E40057A8C1 /* magic8Ball */ = {
			isa = PBXGroup;
			children = (
				CC171B7D2BFB17E40057A8C1 /* AppDelegate.swift */,
				CC171B7F2BFB17E40057A8C1 /* SceneDelegate.swift */,
				CC171B812BFB17E40057A8C1 /* ViewController.swift */,
				CC171B832BFB17E40057A8C1 /* Main.storyboard */,
				CC171B862BFB17E70057A8C1 /* Assets.xcassets */,
				CC171B882BFB17E70057A8C1 /* LaunchScreen.storyboard */,
				CC171B8B2BFB17E70057A8C1 /* Info.plist */,
			);
			path = magic8Ball;
			sourceTree = "<group>";
		};
		CC171B932BFB17E70057A8C1 /* magic8BallTests */ = {
			isa = PBXGroup;
			children = (
				CC171B942BFB17E70057A8C1 /* magic8BallTests.swift */,
			);
			path = magic8BallTests;
			sourceTree = "<group>";
		};
		CC171B9D2BFB17E70057A8C1 /* magic8BallUITests */ = {
			isa = PBXGroup;
			children = (
				CC171B9E2BFB17E70057A8C1 /* magic8BallUITests.swift */,
				CC171BA02BFB17E70057A8C1 /* magic8BallUITestsLaunchTests.swift */,
			);
			path = magic8BallUITests;
			sourceTree = "<group>";
		};
/* End PBXGroup section */

/* Begin PBXNativeTarget section */
		CC171B792BFB17E40057A8C1 /* magic8Ball */ = {
			isa = PBXNativeTarget;
			buildConfigurationList = CC171BA42BFB17E70057A8C1 /* Build configuration list for PBXNativeTarget "magic8Ball" */;
			buildPhases = (
				CC171B762BFB17E40057A8C1 /* Sources */,
				CC171B772BFB17E40057A8C1 /* Frameworks */,
				CC171B782BFB17E40057A8C1 /* Resources */,
			);
			buildRules = (
			);
			dependencies = (
			);
			name = magic8Ball;
			productName = magic8Ball;
			productReference = CC171B7A2BFB17E40057A8C1 /* magic8Ball.app */;
			productType = "com.apple.product-type.application";
		};
		CC171B8F2BFB17E70057A8C1 /* magic8BallTests */ = {
			isa = PBXNativeTarget;
			buildConfigurationList = CC171BA72BFB17E70057A8C1 /* Build configuration list for PBXNativeTarget "magic8BallTests" */;
			buildPhases = (
				CC171B8C2BFB17E70057A8C1 /* Sources */,
				CC171B8D2BFB17E70057A8C1 /* Frameworks */,
				CC171B8E2BFB17E70057A8C1 /* Resources */,
			);
			buildRules = (
			);
			dependencies = (
				CC171B922BFB17E70057A8C1 /* PBXTargetDependency */,
			);
			name = magic8BallTests;
			productName = magic8BallTests;
			productReference = CC171B902BFB17E70057A8C1 /* magic8BallTests.xctest */;
			productType = "com.apple.product-type.bundle.unit-test";
		};
		CC171B992BFB17E70057A8C1 /* magic8BallUITests */ = {
			isa = PBXNativeTarget;
			buildConfigurationList = CC171BAA2BFB17E70057A8C1 /* Build configuration list for PBXNativeTarget "magic8BallUITests" */;
			buildPhases = (
				CC171B962BFB17E70057A8C1 /* Sources */,
				CC171B972BFB17E70057A8C1 /* Frameworks */,
				CC171B982BFB17E70057A8C1 /* Resources */,
			);
			buildRules = (
			);
			dependencies = (
				CC171B9C2BFB17E70057A8C1 /* PBXTargetDependency */,
			);
			name = magic8BallUITests;
			productName = magic8BallUITests;
			productReference = CC171B9A2BFB17E70057A8C1 /* magic8BallUITests.xctest */;
			productType = "com.apple.product-type.bundle.ui-testing";
		};
/* End PBXNativeTarget section */

/* Begin PBXProject section */
		CC171B722BFB17E40057A8C1 /* Project object */ = {
			isa = PBXProject;
			attributes = {
				BuildIndependentTargetsInParallel = 1;
				LastSwiftUpdateCheck = 1530;
				LastUpgradeCheck = 1530;
				TargetAttributes = {
					CC171B792BFB17E40057A8C1 = {
						CreatedOnToolsVersion = 15.3;
					};
					CC171B8F2BFB17E70057A8C1 = {
						CreatedOnToolsVersion = 15.3;
						TestTargetID = CC171B792BFB17E40057A8C1;
					};
					CC171B992BFB17E70057A8C1 = {
						CreatedOnToolsVersion = 15.3;
						TestTargetID = CC171B792BFB17E40057A8C1;
					};
				};
			};
			buildConfigurationList = CC171B752BFB17E40057A8C1 /* Build configuration list for PBXProject "magic8Ball" */;
			compatibilityVersion = "Xcode 14.0";
			developmentRegion = en;
			hasScannedForEncodings = 0;
			knownRegions = (
				en,
				Base,
			);
			mainGroup = CC171B712BFB17E40057A8C1;
			productRefGroup = CC171B7B2BFB17E40057A8C1 /* Products */;
			projectDirPath = "";
			projectRoot = "";
			targets = (
				CC171B792BFB17E40057A8C1 /* magic8Ball */,
				CC171B8F2BFB17E70057A8C1 /* magic8BallTests */,
				CC171B992BFB17E70057A8C1 /* magic8BallUITests */,
			);
		};
/* End PBXProject section */

/* Begin PBXResourcesBuildPhase section */
		CC171B782BFB17E40057A8C1 /* Resources */ = {
			isa = PBXResourcesBuildPhase;
			buildActionMask = 2147483647;
			files = (
				CC171B872BFB17E70057A8C1 /* Assets.xcassets in Resources */,
				CC171B8A2BFB17E70057A8C1 /* Base in Resources */,
				CC171B852BFB17E40057A8C1 /* Base in Resources */,
			);
			runOnlyForDeploymentPostprocessing = 0;
		};
		CC171B8E2BFB17E70057A8C1 /* Resources */ = {
			isa = PBXResourcesBuildPhase;
			buildActionMask = 2147483647;
			files = (
			);
			runOnlyForDeploymentPostprocessing = 0;
		};
		CC171B982BFB17E70057A8C1 /* Resources */ = {
			isa = PBXResourcesBuildPhase;
			buildActionMask = 2147483647;
			files = (
			);
			runOnlyForDeploymentPostprocessing = 0;
		};
/* End PBXResourcesBuildPhase section */

/* Begin PBXSourcesBuildPhase section */
		CC171B762BFB17E40057A8C1 /* Sources */ = {
			isa = PBXSourcesBuildPhase;
			buildActionMask = 2147483647;
			files = (
				CC171B822BFB17E40057A8C1 /* ViewController.swift in Sources */,
				CC171B7E2BFB17E40057A8C1 /* AppDelegate.swift in Sources */,
				CC171B802BFB17E40057A8C1 /* SceneDelegate.swift in Sources */,
			);
			runOnlyForDeploymentPostprocessing = 0;
		};
		CC171B8C2BFB17E70057A8C1 /* Sources */ = {
			isa = PBXSourcesBuildPhase;
			buildActionMask = 2147483647;
			files = (
				CC171B952BFB17E70057A8C1 /* magic8BallTests.swift in Sources */,
			);
			runOnlyForDeploymentPostprocessing = 0;
		};
		CC171B962BFB17E70057A8C1 /* Sources */ = {
			isa = PBXSourcesBuildPhase;
			buildActionMask = 2147483647;
			files = (
				CC171BA12BFB17E70057A8C1 /* magic8BallUITestsLaunchTests.swift in Sources */,
				CC171B9F2BFB17E70057A8C1 /* magic8BallUITests.swift in Sources */,
			);
			runOnlyForDeploymentPostprocessing = 0;
		};
/* End PBXSourcesBuildPhase section */

/* Begin PBXTargetDependency section */
		CC171B922BFB17E70057A8C1 /* PBXTargetDependency */ = {
			isa = PBXTargetDependency;
			target = CC171B792BFB17E40057A8C1 /* magic8Ball */;
			targetProxy = CC171B912BFB17E70057A8C1 /* PBXContainerItemProxy */;
		};
		CC171B9C2BFB17E70057A8C1 /* PBXTargetDependency */ = {
			isa = PBXTargetDependency;
			target = CC171B792BFB17E40057A8C1 /* magic8Ball */;
			targetProxy = CC171B9B2BFB17E70057A8C1 /* PBXContainerItemProxy */;
		};
/* End PBXTargetDependency section */

/* Begin PBXVariantGroup section */
		CC171B832BFB17E40057A8C1 /* Main.storyboard */ = {
			isa = PBXVariantGroup;
			children = (
				CC171B842BFB17E40057A8C1 /* Base */,
			);
			name = Main.storyboard;
			sourceTree = "<group>";
		};
		CC171B882BFB17E70057A8C1 /* LaunchScreen.storyboard */ = {
			isa = PBXVariantGroup;
			children = (
				CC171B892BFB17E70057A8C1 /* Base */,
			);
			name = LaunchScreen.storyboard;
			sourceTree = "<group>";
		};
/* End PBXVariantGroup section */

/* Begin XCBuildConfiguration section */
		CC171BA22BFB17E70057A8C1 /* Debug */ = {
			isa = XCBuildConfiguration;
			buildSettings = {
				ALWAYS_SEARCH_USER_PATHS = NO;
				ASSETCATALOG_COMPILER_GENERATE_SWIFT_ASSET_SYMBOL_EXTENSIONS = YES;
				CLANG_ANALYZER_NONNULL = YES;
				CLANG_ANALYZER_NUMBER_OBJECT_CONVERSION = YES_AGGRESSIVE;
				CLANG_CXX_LANGUAGE_STANDARD = "gnu++20";
				CLANG_ENABLE_MODULES = YES;
				CLANG_ENABLE_OBJC_ARC = YES;
				CLANG_ENABLE_OBJC_WEAK = YES;
				CLANG_WARN_BLOCK_CAPTURE_AUTORELEASING = YES;
				CLANG_WARN_BOOL_CONVERSION = YES;
				CLANG_WARN_COMMA = YES;
				CLANG_WARN_CONSTANT_CONVERSION = YES;
				CLANG_WARN_DEPRECATED_OBJC_IMPLEMENTATIONS = YES;
				CLANG_WARN_DIRECT_OBJC_ISA_USAGE = YES_ERROR;
				CLANG_WARN_DOCUMENTATION_COMMENTS = YES;
				CLANG_WARN_EMPTY_BODY = YES;
				CLANG_WARN_ENUM_CONVERSION = YES;
				CLANG_WARN_INFINITE_RECURSION = YES;
				CLANG_WARN_INT_CONVERSION = YES;
				CLANG_WARN_NON_LITERAL_NULL_CONVERSION = YES;
				CLANG_WARN_OBJC_IMPLICIT_RETAIN_SELF = YES;
				CLANG_WARN_OBJC_LITERAL_CONVERSION = YES;
				CLANG_WARN_OBJC_ROOT_CLASS = YES_ERROR;
				CLANG_WARN_QUOTED_INCLUDE_IN_FRAMEWORK_HEADER = YES;
				CLANG_WARN_RANGE_LOOP_ANALYSIS = YES;
				CLANG_WARN_STRICT_PROTOTYPES = YES;
				CLANG_WARN_SUSPICIOUS_MOVE = YES;
				CLANG_WARN_UNGUARDED_AVAILABILITY = YES_AGGRESSIVE;
				CLANG_WARN_UNREACHABLE_CODE = YES;
				CLANG_WARN__DUPLICATE_METHOD_MATCH = YES;
				COPY_PHASE_STRIP = NO;
				DEBUG_INFORMATION_FORMAT = dwarf;
				ENABLE_STRICT_OBJC_MSGSEND = YES;
				ENABLE_TESTABILITY = YES;
				ENABLE_USER_SCRIPT_SANDBOXING = YES;
				GCC_C_LANGUAGE_STANDARD = gnu17;
				GCC_DYNAMIC_NO_PIC = NO;
				GCC_NO_COMMON_BLOCKS = YES;
				GCC_OPTIMIZATION_LEVEL = 0;
				GCC_PREPROCESSOR_DEFINITIONS = (
					"DEBUG=1",
					"$(inherited)",
				);
				GCC_WARN_64_TO_32_BIT_CONVERSION = YES;
				GCC_WARN_ABOUT_RETURN_TYPE = YES_ERROR;
				GCC_WARN_UNDECLARED_SELECTOR = YES;
				GCC_WARN_UNINITIALIZED_AUTOS = YES_AGGRESSIVE;
				GCC_WARN_UNUSED_FUNCTION = YES;
				GCC_WARN_UNUSED_VARIABLE = YES;
				IPHONEOS_DEPLOYMENT_TARGET = 17.4;
				LOCALIZATION_PREFERS_STRING_CATALOGS = YES;
				MTL_ENABLE_DEBUG_INFO = INCLUDE_SOURCE;
				MTL_FAST_MATH = YES;
				ONLY_ACTIVE_ARCH = YES;
				SDKROOT = iphoneos;
				SWIFT_ACTIVE_COMPILATION_CONDITIONS = "DEBUG $(inherited)";
				SWIFT_OPTIMIZATION_LEVEL = "-Onone";
			};
			name = Debug;
		};
		CC171BA32BFB17E70057A8C1 /* Release */ = {
			isa = XCBuildConfiguration;
			buildSettings = {
				ALWAYS_SEARCH_USER_PATHS = NO;
				ASSETCATALOG_COMPILER_GENERATE_SWIFT_ASSET_SYMBOL_EXTENSIONS = YES;
				CLANG_ANALYZER_NONNULL = YES;
				CLANG_ANALYZER_NUMBER_OBJECT_CONVERSION = YES_AGGRESSIVE;
				CLANG_CXX_LANGUAGE_STANDARD = "gnu++20";
				CLANG_ENABLE_MODULES = YES;
				CLANG_ENABLE_OBJC_ARC = YES;
				CLANG_ENABLE_OBJC_WEAK = YES;
				CLANG_WARN_BLOCK_CAPTURE_AUTORELEASING = YES;
				CLANG_WARN_BOOL_CONVERSION = YES;
				CLANG_WARN_COMMA = YES;
				CLANG_WARN_CONSTANT_CONVERSION = YES;
				CLANG_WARN_DEPRECATED_OBJC_IMPLEMENTATIONS = YES;
				CLANG_WARN_DIRECT_OBJC_ISA_USAGE = YES_ERROR;
				CLANG_WARN_DOCUMENTATION_COMMENTS = YES;
				CLANG_WARN_EMPTY_BODY = YES;
				CLANG_WARN_ENUM_CONVERSION = YES;
				CLANG_WARN_INFINITE_RECURSION = YES;
				CLANG_WARN_INT_CONVERSION = YES;
				CLANG_WARN_NON_LITERAL_NULL_CONVERSION = YES;
				CLANG_WARN_OBJC_IMPLICIT_RETAIN_SELF = YES;
				CLANG_WARN_OBJC_LITERAL_CONVERSION = YES;
				CLANG_WARN_OBJC_ROOT_CLASS = YES_ERROR;
				CLANG_WARN_QUOTED_INCLUDE_IN_FRAMEWORK_HEADER = YES;
				CLANG_WARN_RANGE_LOOP_ANALYSIS = YES;
				CLANG_WARN_STRICT_PROTOTYPES = YES;
				CLANG_WARN_SUSPICIOUS_MOVE = YES;
				CLANG_WARN_UNGUARDED_AVAILABILITY = YES_AGGRESSIVE;
				CLANG_WARN_UNREACHABLE_CODE = YES;
				CLANG_WARN__DUPLICATE_METHOD_MATCH = YES;
				COPY_PHASE_STRIP = NO;
				DEBUG_INFORMATION_FORMAT = "dwarf-with-dsym";
				ENABLE_NS_ASSERTIONS = NO;
				ENABLE_STRICT_OBJC_MSGSEND = YES;
				ENABLE_USER_SCRIPT_SANDBOXING = YES;
				GCC_C_LANGUAGE_STANDARD = gnu17;
				GCC_NO_COMMON_BLOCKS = YES;
				GCC_WARN_64_TO_32_BIT_CONVERSION = YES;
				GCC_WARN_ABOUT_RETURN_TYPE = YES_ERROR;
				GCC_WARN_UNDECLARED_SELECTOR = YES;
				GCC_WARN_UNINITIALIZED_AUTOS = YES_AGGRESSIVE;
				GCC_WARN_UNUSED_FUNCTION = YES;
				GCC_WARN_UNUSED_VARIABLE = YES;
				IPHONEOS_DEPLOYMENT_TARGET = 17.4;
				LOCALIZATION_PREFERS_STRING_CATALOGS = YES;
				MTL_ENABLE_DEBUG_INFO = NO;
				MTL_FAST_MATH = YES;
				SDKROOT = iphoneos;
				SWIFT_COMPILATION_MODE = wholemodule;
				VALIDATE_PRODUCT = YES;
			};
			name = Release;
		};
		CC171BA52BFB17E70057A8C1 /* Debug */ = {
			isa = XCBuildConfiguration;
			buildSettings = {
				ASSETCATALOG_COMPILER_APPICON_NAME = AppIcon;
				ASSETCATALOG_COMPILER_GLOBAL_ACCENT_COLOR_NAME = AccentColor;
				CODE_SIGN_STYLE = Automatic;
				CURRENT_PROJECT_VERSION = 1;
				GENERATE_INFOPLIST_FILE = YES;
				INFOPLIST_FILE = magic8Ball/Info.plist;
				INFOPLIST_KEY_UIApplicationSupportsIndirectInputEvents = YES;
				INFOPLIST_KEY_UILaunchStoryboardName = LaunchScreen;
				INFOPLIST_KEY_UIMainStoryboardFile = Main;
				INFOPLIST_KEY_UISupportedInterfaceOrientations_iPad = "UIInterfaceOrientationPortrait UIInterfaceOrientationPortraitUpsideDown UIInterfaceOrientationLandscapeLeft UIInterfaceOrientationLandscapeRight";
				INFOPLIST_KEY_UISupportedInterfaceOrientations_iPhone = "UIInterfaceOrientationPortrait UIInterfaceOrientationLandscapeLeft UIInterfaceOrientationLandscapeRight";
				LD_RUNPATH_SEARCH_PATHS = (
					"$(inherited)",
					"@executable_path/Frameworks",
				);
				MARKETING_VERSION = 1.0;
				PRODUCT_BUNDLE_IDENTIFIER = com.sohail.magic8Ball;
				PRODUCT_NAME = "$(TARGET_NAME)";
				SWIFT_EMIT_LOC_STRINGS = YES;
				SWIFT_VERSION = 5.0;
				TARGETED_DEVICE_FAMILY = "1,2";
			};
			name = Debug;
		};
		CC171BA62BFB17E70057A8C1 /* Release */ = {
			isa = XCBuildConfiguration;
			buildSettings = {
				ASSETCATALOG_COMPILER_APPICON_NAME = AppIcon;
				ASSETCATALOG_COMPILER_GLOBAL_ACCENT_COLOR_NAME = AccentColor;
				CODE_SIGN_STYLE = Automatic;
				CURRENT_PROJECT_VERSION = 1;
				GENERATE_INFOPLIST_FILE = YES;
				INFOPLIST_FILE = magic8Ball/Info.plist;
				INFOPLIST_KEY_UIApplicationSupportsIndirectInputEvents = YES;
				INFOPLIST_KEY_UILaunchStoryboardName = LaunchScreen;
				INFOPLIST_KEY_UIMainStoryboardFile = Main;
				INFOPLIST_KEY_UISupportedInterfaceOrientations_iPad = "UIInterfaceOrientationPortrait UIInterfaceOrientationPortraitUpsideDown UIInterfaceOrientationLandscapeLeft UIInterfaceOrientationLandscapeRight";
				INFOPLIST_KEY_UISupportedInterfaceOrientations_iPhone = "UIInterfaceOrientationPortrait UIInterfaceOrientationLandscapeLeft UIInterfaceOrientationLandscapeRight";
				LD_RUNPATH_SEARCH_PATHS = (
					"$(inherited)",
					"@executable_path/Frameworks",
				);
				MARKETING_VERSION = 1.0;
				PRODUCT_BUNDLE_IDENTIFIER = com.sohail.magic8Ball;
				PRODUCT_NAME = "$(TARGET_NAME)";
				SWIFT_EMIT_LOC_STRINGS = YES;
				SWIFT_VERSION = 5.0;
				TARGETED_DEVICE_FAMILY = "1,2";
			};
			name = Release;
		};
		CC171BA82BFB17E70057A8C1 /* Debug */ = {
			isa = XCBuildConfiguration;
			buildSettings = {
				ALWAYS_EMBED_SWIFT_STANDARD_LIBRARIES = YES;
				BUNDLE_LOADER = "$(TEST_HOST)";
				CODE_SIGN_STYLE = Automatic;
				CURRENT_PROJECT_VERSION = 1;
				GENERATE_INFOPLIST_FILE = YES;
				IPHONEOS_DEPLOYMENT_TARGET = 17.4;
				MARKETING_VERSION = 1.0;
				PRODUCT_BUNDLE_IDENTIFIER = com.sohail.magic8BallTests;
				PRODUCT_NAME = "$(TARGET_NAME)";
				SWIFT_EMIT_LOC_STRINGS = NO;
				SWIFT_VERSION = 5.0;
				TARGETED_DEVICE_FAMILY = "1,2";
				TEST_HOST = "$(BUILT_PRODUCTS_DIR)/magic8Ball.app/$(BUNDLE_EXECUTABLE_FOLDER_PATH)/magic8Ball";
			};
			name = Debug;
		};
		CC171BA92BFB17E70057A8C1 /* Release */ = {
			isa = XCBuildConfiguration;
			buildSettings = {
				ALWAYS_EMBED_SWIFT_STANDARD_LIBRARIES = YES;
				BUNDLE_LOADER = "$(TEST_HOST)";
				CODE_SIGN_STYLE = Automatic;
				CURRENT_PROJECT_VERSION = 1;
				GENERATE_INFOPLIST_FILE = YES;
				IPHONEOS_DEPLOYMENT_TARGET = 17.4;
				MARKETING_VERSION = 1.0;
				PRODUCT_BUNDLE_IDENTIFIER = com.sohail.magic8BallTests;
				PRODUCT_NAME = "$(TARGET_NAME)";
				SWIFT_EMIT_LOC_STRINGS = NO;
				SWIFT_VERSION = 5.0;
				TARGETED_DEVICE_FAMILY = "1,2";
				TEST_HOST = "$(BUILT_PRODUCTS_DIR)/magic8Ball.app/$(BUNDLE_EXECUTABLE_FOLDER_PATH)/magic8Ball";
			};
			name = Release;
		};
		CC171BAB2BFB17E70057A8C1 /* Debug */ = {
			isa = XCBuildConfiguration;
			buildSettings = {
				ALWAYS_EMBED_SWIFT_STANDARD_LIBRARIES = YES;
				CODE_SIGN_STYLE = Automatic;
				CURRENT_PROJECT_VERSION = 1;
				GENERATE_INFOPLIST_FILE = YES;
				MARKETING_VERSION = 1.0;
				PRODUCT_BUNDLE_IDENTIFIER = com.sohail.magic8BallUITests;
				PRODUCT_NAME = "$(TARGET_NAME)";
				SWIFT_EMIT_LOC_STRINGS = NO;
				SWIFT_VERSION = 5.0;
				TARGETED_DEVICE_FAMILY = "1,2";
				TEST_TARGET_NAME = magic8Ball;
			};
			name = Debug;
		};
		CC171BAC2BFB17E70057A8C1 /* Release */ = {
			isa = XCBuildConfiguration;
			buildSettings = {
				ALWAYS_EMBED_SWIFT_STANDARD_LIBRARIES = YES;
				CODE_SIGN_STYLE = Automatic;
				CURRENT_PROJECT_VERSION = 1;
				GENERATE_INFOPLIST_FILE = YES;
				MARKETING_VERSION = 1.0;
				PRODUCT_BUNDLE_IDENTIFIER = com.sohail.magic8BallUITests;
				PRODUCT_NAME = "$(TARGET_NAME)";
				SWIFT_EMIT_LOC_STRINGS = NO;
				SWIFT_VERSION = 5.0;
				TARGETED_DEVICE_FAMILY = "1,2";
				TEST_TARGET_NAME = magic8Ball;
			};
			name = Release;
		};
/* End XCBuildConfiguration section */

/* Begin XCConfigurationList section */
		CC171B752BFB17E40057A8C1 /* Build configuration list for PBXProject "magic8Ball" */ = {
			isa = XCConfigurationList;
			buildConfigurations = (
				CC171BA22BFB17E70057A8C1 /* Debug */,
				CC171BA32BFB17E70057A8C1 /* Release */,
			);
			defaultConfigurationIsVisible = 0;
			defaultConfigurationName = Release;
		};
		CC171BA42BFB17E70057A8C1 /* Build configuration list for PBXNativeTarget "magic8Ball" */ = {
			isa = XCConfigurationList;
			buildConfigurations = (
				CC171BA52BFB17E70057A8C1 /* Debug */,
				CC171BA62BFB17E70057A8C1 /* Release */,
			);
			defaultConfigurationIsVisible = 0;
			defaultConfigurationName = Release;
		};
		CC171BA72BFB17E70057A8C1 /* Build configuration list for PBXNativeTarget "magic8BallTests" */ = {
			isa = XCConfigurationList;
			buildConfigurations = (
				CC171BA82BFB17E70057A8C1 /* Debug */,
				CC171BA92BFB17E70057A8C1 /* Release */,
			);
			defaultConfigurationIsVisible = 0;
			defaultConfigurationName = Release;
		};
		CC171BAA2BFB17E70057A8C1 /* Build configuration list for PBXNativeTarget "magic8BallUITests" */ = {
			isa = XCConfigurationList;
			buildConfigurations = (
				CC171BAB2BFB17E70057A8C1 /* Debug */,
				CC171BAC2BFB17E70057A8C1 /* Release */,
			);
			defaultConfigurationIsVisible = 0;
			defaultConfigurationName = Release;
		};
/* End XCConfigurationList section */
	};
	rootObject = CC171B722BFB17E40057A8C1 /* Project object */;
}
