// !$*UTF8*$!
{
	archiveVersion = 1;
	classes = {
	};
	objectVersion = 56;
	objects = {

/* Begin PBXBuildFile section */
		CC171B412BF9EDD30057A8C1 /* AppDelegate.swift in Sources */ = {isa = PBXBuildFile; fileRef = CC171B402BF9EDD30057A8C1 /* AppDelegate.swift */; };
		CC171B432BF9EDD30057A8C1 /* SceneDelegate.swift in Sources */ = {isa = PBXBuildFile; fileRef = CC171B422BF9EDD30057A8C1 /* SceneDelegate.swift */; };
		CC171B452BF9EDD30057A8C1 /* ViewController.swift in Sources */ = {isa = PBXBuildFile; fileRef = CC171B442BF9EDD30057A8C1 /* ViewController.swift */; };
		CC171B482BF9EDD30057A8C1 /* Base in Resources */ = {isa = PBXBuildFile; fileRef = CC171B472BF9EDD30057A8C1 /* Base */; };
		CC171B4A2BF9EDD50057A8C1 /* Assets.xcassets in Resources */ = {isa = PBXBuildFile; fileRef = CC171B492BF9EDD50057A8C1 /* Assets.xcassets */; };
		CC171B4D2BF9EDD50057A8C1 /* Base in Resources */ = {isa = PBXBuildFile; fileRef = CC171B4C2BF9EDD50057A8C1 /* Base */; };
		CC171B582BF9EDD50057A8C1 /* vegasPokerTests.swift in Sources */ = {isa = PBXBuildFile; fileRef = CC171B572BF9EDD50057A8C1 /* vegasPokerTests.swift */; };
		CC171B622BF9EDD50057A8C1 /* vegasPokerUITests.swift in Sources */ = {isa = PBXBuildFile; fileRef = CC171B612BF9EDD50057A8C1 /* vegasPokerUITests.swift */; };
		CC171B642BF9EDD50057A8C1 /* vegasPokerUITestsLaunchTests.swift in Sources */ = {isa = PBXBuildFile; fileRef = CC171B632BF9EDD50057A8C1 /* vegasPokerUITestsLaunchTests.swift */; };
		CC171B702BF9F18C0057A8C1 /* Main.storyboard in Resources */ = {isa = PBXBuildFile; fileRef = CC171B462BF9EDD30057A8C1 /* Main.storyboard */; };
/* End PBXBuildFile section */

/* Begin PBXContainerItemProxy section */
		CC171B542BF9EDD50057A8C1 /* PBXContainerItemProxy */ = {
			isa = PBXContainerItemProxy;
			containerPortal = CC171B352BF9EDD30057A8C1 /* Project object */;
			proxyType = 1;
			remoteGlobalIDString = CC171B3C2BF9EDD30057A8C1;
			remoteInfo = vegasPoker;
		};
		CC171B5E2BF9EDD50057A8C1 /* PBXContainerItemProxy */ = {
			isa = PBXContainerItemProxy;
			containerPortal = CC171B352BF9EDD30057A8C1 /* Project object */;
			proxyType = 1;
			remoteGlobalIDString = CC171B3C2BF9EDD30057A8C1;
			remoteInfo = vegasPoker;
		};
/* End PBXContainerItemProxy section */

/* Begin PBXFileReference section */
		CC171B3D2BF9EDD30057A8C1 /* vegasPoker.app */ = {isa = PBXFileReference; explicitFileType = wrapper.application; includeInIndex = 0; path = vegasPoker.app; sourceTree = BUILT_PRODUCTS_DIR; };
		CC171B402BF9EDD30057A8C1 /* AppDelegate.swift */ = {isa = PBXFileReference; lastKnownFileType = sourcecode.swift; path = AppDelegate.swift; sourceTree = "<group>"; };
		CC171B422BF9EDD30057A8C1 /* SceneDelegate.swift */ = {isa = PBXFileReference; lastKnownFileType = sourcecode.swift; path = SceneDelegate.swift; sourceTree = "<group>"; };
		CC171B442BF9EDD30057A8C1 /* ViewController.swift */ = {isa = PBXFileReference; lastKnownFileType = sourcecode.swift; path = ViewController.swift; sourceTree = "<group>"; };
		CC171B472BF9EDD30057A8C1 /* Base */ = {isa = PBXFileReference; lastKnownFileType = file.storyboard; name = Base; path = Base.lproj/Main.storyboard; sourceTree = "<group>"; };
		CC171B492BF9EDD50057A8C1 /* Assets.xcassets */ = {isa = PBXFileReference; lastKnownFileType = folder.assetcatalog; path = Assets.xcassets; sourceTree = "<group>"; };
		CC171B4C2BF9EDD50057A8C1 /* Base */ = {isa = PBXFileReference; lastKnownFileType = file.storyboard; name = Base; path = Base.lproj/LaunchScreen.storyboard; sourceTree = "<group>"; };
		CC171B4E2BF9EDD50057A8C1 /* Info.plist */ = {isa = PBXFileReference; lastKnownFileType = text.plist.xml; path = Info.plist; sourceTree = "<group>"; };
		CC171B532BF9EDD50057A8C1 /* vegasPokerTests.xctest */ = {isa = PBXFileReference; explicitFileType = wrapper.cfbundle; includeInIndex = 0; path = vegasPokerTests.xctest; sourceTree = BUILT_PRODUCTS_DIR; };
		CC171B572BF9EDD50057A8C1 /* vegasPokerTests.swift */ = {isa = PBXFileReference; lastKnownFileType = sourcecode.swift; path = vegasPokerTests.swift; sourceTree = "<group>"; };
		CC171B5D2BF9EDD50057A8C1 /* vegasPokerUITests.xctest */ = {isa = PBXFileReference; explicitFileType = wrapper.cfbundle; includeInIndex = 0; path = vegasPokerUITests.xctest; sourceTree = BUILT_PRODUCTS_DIR; };
		CC171B612BF9EDD50057A8C1 /* vegasPokerUITests.swift */ = {isa = PBXFileReference; lastKnownFileType = sourcecode.swift; path = vegasPokerUITests.swift; sourceTree = "<group>"; };
		CC171B632BF9EDD50057A8C1 /* vegasPokerUITestsLaunchTests.swift */ = {isa = PBXFileReference; lastKnownFileType = sourcecode.swift; path = vegasPokerUITestsLaunchTests.swift; sourceTree = "<group>"; };
/* End PBXFileReference section */

/* Begin PBXFrameworksBuildPhase section */
		CC171B3A2BF9EDD30057A8C1 /* Frameworks */ = {
			isa = PBXFrameworksBuildPhase;
			buildActionMask = 2147483647;
			files = (
			);
			runOnlyForDeploymentPostprocessing = 0;
		};
		CC171B502BF9EDD50057A8C1 /* Frameworks */ = {
			isa = PBXFrameworksBuildPhase;
			buildActionMask = 2147483647;
			files = (
			);
			runOnlyForDeploymentPostprocessing = 0;
		};
		CC171B5A2BF9EDD50057A8C1 /* Frameworks */ = {
			isa = PBXFrameworksBuildPhase;
			buildActionMask = 2147483647;
			files = (
			);
			runOnlyForDeploymentPostprocessing = 0;
		};
/* End PBXFrameworksBuildPhase section */

/* Begin PBXGroup section */
		CC171B342BF9EDD30057A8C1 = {
			isa = PBXGroup;
			children = (
				CC171B3F2BF9EDD30057A8C1 /* vegasPoker */,
				CC171B562BF9EDD50057A8C1 /* vegasPokerTests */,
				CC171B602BF9EDD50057A8C1 /* vegasPokerUITests */,
				CC171B3E2BF9EDD30057A8C1 /* Products */,
			);
			sourceTree = "<group>";
		};
		CC171B3E2BF9EDD30057A8C1 /* Products */ = {
			isa = PBXGroup;
			children = (
				CC171B3D2BF9EDD30057A8C1 /* vegasPoker.app */,
				CC171B532BF9EDD50057A8C1 /* vegasPokerTests.xctest */,
				CC171B5D2BF9EDD50057A8C1 /* vegasPokerUITests.xctest */,
			);
			name = Products;
			sourceTree = "<group>";
		};
		CC171B3F2BF9EDD30057A8C1 /* vegasPoker */ = {
			isa = PBXGroup;
			children = (
				CC171B402BF9EDD30057A8C1 /* AppDelegate.swift */,
				CC171B422BF9EDD30057A8C1 /* SceneDelegate.swift */,
				CC171B442BF9EDD30057A8C1 /* ViewController.swift */,
				CC171B462BF9EDD30057A8C1 /* Main.storyboard */,
				CC171B492BF9EDD50057A8C1 /* Assets.xcassets */,
				CC171B4B2BF9EDD50057A8C1 /* LaunchScreen.storyboard */,
				CC171B4E2BF9EDD50057A8C1 /* Info.plist */,
			);
			path = vegasPoker;
			sourceTree = "<group>";
		};
		CC171B562BF9EDD50057A8C1 /* vegasPokerTests */ = {
			isa = PBXGroup;
			children = (
				CC171B572BF9EDD50057A8C1 /* vegasPokerTests.swift */,
			);
			path = vegasPokerTests;
			sourceTree = "<group>";
		};
		CC171B602BF9EDD50057A8C1 /* vegasPokerUITests */ = {
			isa = PBXGroup;
			children = (
				CC171B612BF9EDD50057A8C1 /* vegasPokerUITests.swift */,
				CC171B632BF9EDD50057A8C1 /* vegasPokerUITestsLaunchTests.swift */,
			);
			path = vegasPokerUITests;
			sourceTree = "<group>";
		};
/* End PBXGroup section */

/* Begin PBXNativeTarget section */
		CC171B3C2BF9EDD30057A8C1 /* vegasPoker */ = {
			isa = PBXNativeTarget;
			buildConfigurationList = CC171B672BF9EDD50057A8C1 /* Build configuration list for PBXNativeTarget "vegasPoker" */;
			buildPhases = (
				CC171B392BF9EDD30057A8C1 /* Sources */,
				CC171B3A2BF9EDD30057A8C1 /* Frameworks */,
				CC171B3B2BF9EDD30057A8C1 /* Resources */,
			);
			buildRules = (
			);
			dependencies = (
			);
			name = vegasPoker;
			productName = vegasPoker;
			productReference = CC171B3D2BF9EDD30057A8C1 /* vegasPoker.app */;
			productType = "com.apple.product-type.application";
		};
		CC171B522BF9EDD50057A8C1 /* vegasPokerTests */ = {
			isa = PBXNativeTarget;
			buildConfigurationList = CC171B6A2BF9EDD50057A8C1 /* Build configuration list for PBXNativeTarget "vegasPokerTests" */;
			buildPhases = (
				CC171B4F2BF9EDD50057A8C1 /* Sources */,
				CC171B502BF9EDD50057A8C1 /* Frameworks */,
				CC171B512BF9EDD50057A8C1 /* Resources */,
			);
			buildRules = (
			);
			dependencies = (
				CC171B552BF9EDD50057A8C1 /* PBXTargetDependency */,
			);
			name = vegasPokerTests;
			productName = vegasPokerTests;
			productReference = CC171B532BF9EDD50057A8C1 /* vegasPokerTests.xctest */;
			productType = "com.apple.product-type.bundle.unit-test";
		};
		CC171B5C2BF9EDD50057A8C1 /* vegasPokerUITests */ = {
			isa = PBXNativeTarget;
			buildConfigurationList = CC171B6D2BF9EDD50057A8C1 /* Build configuration list for PBXNativeTarget "vegasPokerUITests" */;
			buildPhases = (
				CC171B592BF9EDD50057A8C1 /* Sources */,
				CC171B5A2BF9EDD50057A8C1 /* Frameworks */,
				CC171B5B2BF9EDD50057A8C1 /* Resources */,
			);
			buildRules = (
			);
			dependencies = (
				CC171B5F2BF9EDD50057A8C1 /* PBXTargetDependency */,
			);
			name = vegasPokerUITests;
			productName = vegasPokerUITests;
			productReference = CC171B5D2BF9EDD50057A8C1 /* vegasPokerUITests.xctest */;
			productType = "com.apple.product-type.bundle.ui-testing";
		};
/* End PBXNativeTarget section */

/* Begin PBXProject section */
		CC171B352BF9EDD30057A8C1 /* Project object */ = {
			isa = PBXProject;
			attributes = {
				BuildIndependentTargetsInParallel = 1;
				LastSwiftUpdateCheck = 1530;
				LastUpgradeCheck = 1530;
				TargetAttributes = {
					CC171B3C2BF9EDD30057A8C1 = {
						CreatedOnToolsVersion = 15.3;
					};
					CC171B522BF9EDD50057A8C1 = {
						CreatedOnToolsVersion = 15.3;
						TestTargetID = CC171B3C2BF9EDD30057A8C1;
					};
					CC171B5C2BF9EDD50057A8C1 = {
						CreatedOnToolsVersion = 15.3;
						TestTargetID = CC171B3C2BF9EDD30057A8C1;
					};
				};
			};
			buildConfigurationList = CC171B382BF9EDD30057A8C1 /* Build configuration list for PBXProject "vegasPoker" */;
			compatibilityVersion = "Xcode 14.0";
			developmentRegion = en;
			hasScannedForEncodings = 0;
			knownRegions = (
				en,
				Base,
			);
			mainGroup = CC171B342BF9EDD30057A8C1;
			productRefGroup = CC171B3E2BF9EDD30057A8C1 /* Products */;
			projectDirPath = "";
			projectRoot = "";
			targets = (
				CC171B3C2BF9EDD30057A8C1 /* vegasPoker */,
				CC171B522BF9EDD50057A8C1 /* vegasPokerTests */,
				CC171B5C2BF9EDD50057A8C1 /* vegasPokerUITests */,
			);
		};
/* End PBXProject section */

/* Begin PBXResourcesBuildPhase section */
		CC171B3B2BF9EDD30057A8C1 /* Resources */ = {
			isa = PBXResourcesBuildPhase;
			buildActionMask = 2147483647;
			files = (
				CC171B4A2BF9EDD50057A8C1 /* Assets.xcassets in Resources */,
				CC171B4D2BF9EDD50057A8C1 /* Base in Resources */,
				CC171B482BF9EDD30057A8C1 /* Base in Resources */,
				CC171B702BF9F18C0057A8C1 /* Main.storyboard in Resources */,
			);
			runOnlyForDeploymentPostprocessing = 0;
		};
		CC171B512BF9EDD50057A8C1 /* Resources */ = {
			isa = PBXResourcesBuildPhase;
			buildActionMask = 2147483647;
			files = (
			);
			runOnlyForDeploymentPostprocessing = 0;
		};
		CC171B5B2BF9EDD50057A8C1 /* Resources */ = {
			isa = PBXResourcesBuildPhase;
			buildActionMask = 2147483647;
			files = (
			);
			runOnlyForDeploymentPostprocessing = 0;
		};
/* End PBXResourcesBuildPhase section */

/* Begin PBXSourcesBuildPhase section */
		CC171B392BF9EDD30057A8C1 /* Sources */ = {
			isa = PBXSourcesBuildPhase;
			buildActionMask = 2147483647;
			files = (
				CC171B452BF9EDD30057A8C1 /* ViewController.swift in Sources */,
				CC171B412BF9EDD30057A8C1 /* AppDelegate.swift in Sources */,
				CC171B432BF9EDD30057A8C1 /* SceneDelegate.swift in Sources */,
			);
			runOnlyForDeploymentPostprocessing = 0;
		};
		CC171B4F2BF9EDD50057A8C1 /* Sources */ = {
			isa = PBXSourcesBuildPhase;
			buildActionMask = 2147483647;
			files = (
				CC171B582BF9EDD50057A8C1 /* vegasPokerTests.swift in Sources */,
			);
			runOnlyForDeploymentPostprocessing = 0;
		};
		CC171B592BF9EDD50057A8C1 /* Sources */ = {
			isa = PBXSourcesBuildPhase;
			buildActionMask = 2147483647;
			files = (
				CC171B622BF9EDD50057A8C1 /* vegasPokerUITests.swift in Sources */,
				CC171B642BF9EDD50057A8C1 /* vegasPokerUITestsLaunchTests.swift in Sources */,
			);
			runOnlyForDeploymentPostprocessing = 0;
		};
/* End PBXSourcesBuildPhase section */

/* Begin PBXTargetDependency section */
		CC171B552BF9EDD50057A8C1 /* PBXTargetDependency */ = {
			isa = PBXTargetDependency;
			target = CC171B3C2BF9EDD30057A8C1 /* vegasPoker */;
			targetProxy = CC171B542BF9EDD50057A8C1 /* PBXContainerItemProxy */;
		};
		CC171B5F2BF9EDD50057A8C1 /* PBXTargetDependency */ = {
			isa = PBXTargetDependency;
			target = CC171B3C2BF9EDD30057A8C1 /* vegasPoker */;
			targetProxy = CC171B5E2BF9EDD50057A8C1 /* PBXContainerItemProxy */;
		};
/* End PBXTargetDependency section */

/* Begin PBXVariantGroup section */
		CC171B462BF9EDD30057A8C1 /* Main.storyboard */ = {
			isa = PBXVariantGroup;
			children = (
				CC171B472BF9EDD30057A8C1 /* Base */,
			);
			name = Main.storyboard;
			sourceTree = "<group>";
		};
		CC171B4B2BF9EDD50057A8C1 /* LaunchScreen.storyboard */ = {
			isa = PBXVariantGroup;
			children = (
				CC171B4C2BF9EDD50057A8C1 /* Base */,
			);
			name = LaunchScreen.storyboard;
			sourceTree = "<group>";
		};
/* End PBXVariantGroup section */

/* Begin XCBuildConfiguration section */
		CC171B652BF9EDD50057A8C1 /* Debug */ = {
			isa = XCBuildConfiguration;
			buildSettings = {
				ALWAYS_SEARCH_USER_PATHS = NO;
				ASSETCATALOG_COMPILER_GENERATE_SWIFT_ASSET_SYMBOL_EXTENSIONS = YES;
				CLANG_ANALYZER_NONNULL = YES;
				CLANG_ANALYZER_NUMBER_OBJECT_CONVERSION = YES_AGGRESSIVE;
				CLANG_CXX_LANGUAGE_STANDARD = "gnu++20";
				CLANG_ENABLE_MODULES = YES;
				CLANG_ENABLE_OBJC_ARC = YES;
				CLANG_ENABLE_OBJC_WEAK = YES;
				CLANG_WARN_BLOCK_CAPTURE_AUTORELEASING = YES;
				CLANG_WARN_BOOL_CONVERSION = YES;
				CLANG_WARN_COMMA = YES;
				CLANG_WARN_CONSTANT_CONVERSION = YES;
				CLANG_WARN_DEPRECATED_OBJC_IMPLEMENTATIONS = YES;
				CLANG_WARN_DIRECT_OBJC_ISA_USAGE = YES_ERROR;
				CLANG_WARN_DOCUMENTATION_COMMENTS = YES;
				CLANG_WARN_EMPTY_BODY = YES;
				CLANG_WARN_ENUM_CONVERSION = YES;
				CLANG_WARN_INFINITE_RECURSION = YES;
				CLANG_WARN_INT_CONVERSION = YES;
				CLANG_WARN_NON_LITERAL_NULL_CONVERSION = YES;
				CLANG_WARN_OBJC_IMPLICIT_RETAIN_SELF = YES;
				CLANG_WARN_OBJC_LITERAL_CONVERSION = YES;
				CLANG_WARN_OBJC_ROOT_CLASS = YES_ERROR;
				CLANG_WARN_QUOTED_INCLUDE_IN_FRAMEWORK_HEADER = YES;
				CLANG_WARN_RANGE_LOOP_ANALYSIS = YES;
				CLANG_WARN_STRICT_PROTOTYPES = YES;
				CLANG_WARN_SUSPICIOUS_MOVE = YES;
				CLANG_WARN_UNGUARDED_AVAILABILITY = YES_AGGRESSIVE;
				CLANG_WARN_UNREACHABLE_CODE = YES;
				CLANG_WARN__DUPLICATE_METHOD_MATCH = YES;
				COPY_PHASE_STRIP = NO;
				DEBUG_INFORMATION_FORMAT = dwarf;
				ENABLE_STRICT_OBJC_MSGSEND = YES;
				ENABLE_TESTABILITY = YES;
				ENABLE_USER_SCRIPT_SANDBOXING = YES;
				GCC_C_LANGUAGE_STANDARD = gnu17;
				GCC_DYNAMIC_NO_PIC = NO;
				GCC_NO_COMMON_BLOCKS = YES;
				GCC_OPTIMIZATION_LEVEL = 0;
				GCC_PREPROCESSOR_DEFINITIONS = (
					"DEBUG=1",
					"$(inherited)",
				);
				GCC_WARN_64_TO_32_BIT_CONVERSION = YES;
				GCC_WARN_ABOUT_RETURN_TYPE = YES_ERROR;
				GCC_WARN_UNDECLARED_SELECTOR = YES;
				GCC_WARN_UNINITIALIZED_AUTOS = YES_AGGRESSIVE;
				GCC_WARN_UNUSED_FUNCTION = YES;
				GCC_WARN_UNUSED_VARIABLE = YES;
				IPHONEOS_DEPLOYMENT_TARGET = 17.4;
				LOCALIZATION_PREFERS_STRING_CATALOGS = YES;
				MTL_ENABLE_DEBUG_INFO = INCLUDE_SOURCE;
				MTL_FAST_MATH = YES;
				ONLY_ACTIVE_ARCH = YES;
				SDKROOT = iphoneos;
				SWIFT_ACTIVE_COMPILATION_CONDITIONS = "DEBUG $(inherited)";
				SWIFT_OPTIMIZATION_LEVEL = "-Onone";
			};
			name = Debug;
		};
		CC171B662BF9EDD50057A8C1 /* Release */ = {
			isa = XCBuildConfiguration;
			buildSettings = {
				ALWAYS_SEARCH_USER_PATHS = NO;
				ASSETCATALOG_COMPILER_GENERATE_SWIFT_ASSET_SYMBOL_EXTENSIONS = YES;
				CLANG_ANALYZER_NONNULL = YES;
				CLANG_ANALYZER_NUMBER_OBJECT_CONVERSION = YES_AGGRESSIVE;
				CLANG_CXX_LANGUAGE_STANDARD = "gnu++20";
				CLANG_ENABLE_MODULES = YES;
				CLANG_ENABLE_OBJC_ARC = YES;
				CLANG_ENABLE_OBJC_WEAK = YES;
				CLANG_WARN_BLOCK_CAPTURE_AUTORELEASING = YES;
				CLANG_WARN_BOOL_CONVERSION = YES;
				CLANG_WARN_COMMA = YES;
				CLANG_WARN_CONSTANT_CONVERSION = YES;
				CLANG_WARN_DEPRECATED_OBJC_IMPLEMENTATIONS = YES;
				CLANG_WARN_DIRECT_OBJC_ISA_USAGE = YES_ERROR;
				CLANG_WARN_DOCUMENTATION_COMMENTS = YES;
				CLANG_WARN_EMPTY_BODY = YES;
				CLANG_WARN_ENUM_CONVERSION = YES;
				CLANG_WARN_INFINITE_RECURSION = YES;
				CLANG_WARN_INT_CONVERSION = YES;
				CLANG_WARN_NON_LITERAL_NULL_CONVERSION = YES;
				CLANG_WARN_OBJC_IMPLICIT_RETAIN_SELF = YES;
				CLANG_WARN_OBJC_LITERAL_CONVERSION = YES;
				CLANG_WARN_OBJC_ROOT_CLASS = YES_ERROR;
				CLANG_WARN_QUOTED_INCLUDE_IN_FRAMEWORK_HEADER = YES;
				CLANG_WARN_RANGE_LOOP_ANALYSIS = YES;
				CLANG_WARN_STRICT_PROTOTYPES = YES;
				CLANG_WARN_SUSPICIOUS_MOVE = YES;
				CLANG_WARN_UNGUARDED_AVAILABILITY = YES_AGGRESSIVE;
				CLANG_WARN_UNREACHABLE_CODE = YES;
				CLANG_WARN__DUPLICATE_METHOD_MATCH = YES;
				COPY_PHASE_STRIP = NO;
				DEBUG_INFORMATION_FORMAT = "dwarf-with-dsym";
				ENABLE_NS_ASSERTIONS = NO;
				ENABLE_STRICT_OBJC_MSGSEND = YES;
				ENABLE_USER_SCRIPT_SANDBOXING = YES;
				GCC_C_LANGUAGE_STANDARD = gnu17;
				GCC_NO_COMMON_BLOCKS = YES;
				GCC_WARN_64_TO_32_BIT_CONVERSION = YES;
				GCC_WARN_ABOUT_RETURN_TYPE = YES_ERROR;
				GCC_WARN_UNDECLARED_SELECTOR = YES;
				GCC_WARN_UNINITIALIZED_AUTOS = YES_AGGRESSIVE;
				GCC_WARN_UNUSED_FUNCTION = YES;
				GCC_WARN_UNUSED_VARIABLE = YES;
				IPHONEOS_DEPLOYMENT_TARGET = 17.4;
				LOCALIZATION_PREFERS_STRING_CATALOGS = YES;
				MTL_ENABLE_DEBUG_INFO = NO;
				MTL_FAST_MATH = YES;
				SDKROOT = iphoneos;
				SWIFT_COMPILATION_MODE = wholemodule;
				VALIDATE_PRODUCT = YES;
			};
			name = Release;
		};
		CC171B682BF9EDD50057A8C1 /* Debug */ = {
			isa = XCBuildConfiguration;
			buildSettings = {
				ASSETCATALOG_COMPILER_APPICON_NAME = AppIcon;
				ASSETCATALOG_COMPILER_GLOBAL_ACCENT_COLOR_NAME = AccentColor;
				CODE_SIGN_STYLE = Automatic;
				CURRENT_PROJECT_VERSION = 1;
				GENERATE_INFOPLIST_FILE = YES;
				INFOPLIST_FILE = vegasPoker/Info.plist;
				INFOPLIST_KEY_UIApplicationSupportsIndirectInputEvents = YES;
				INFOPLIST_KEY_UILaunchStoryboardName = LaunchScreen;
				INFOPLIST_KEY_UIMainStoryboardFile = Main;
				INFOPLIST_KEY_UISupportedInterfaceOrientations_iPad = "UIInterfaceOrientationPortrait UIInterfaceOrientationPortraitUpsideDown UIInterfaceOrientationLandscapeLeft UIInterfaceOrientationLandscapeRight";
				INFOPLIST_KEY_UISupportedInterfaceOrientations_iPhone = "UIInterfaceOrientationPortrait UIInterfaceOrientationLandscapeLeft UIInterfaceOrientationLandscapeRight";
				LD_RUNPATH_SEARCH_PATHS = (
					"$(inherited)",
					"@executable_path/Frameworks",
				);
				MARKETING_VERSION = 1.0;
				PRODUCT_BUNDLE_IDENTIFIER = com.sohail.vegasPoker;
				PRODUCT_NAME = "$(TARGET_NAME)";
				SWIFT_EMIT_LOC_STRINGS = YES;
				SWIFT_VERSION = 5.0;
				TARGETED_DEVICE_FAMILY = "1,2";
			};
			name = Debug;
		};
		CC171B692BF9EDD50057A8C1 /* Release */ = {
			isa = XCBuildConfiguration;
			buildSettings = {
				ASSETCATALOG_COMPILER_APPICON_NAME = AppIcon;
				ASSETCATALOG_COMPILER_GLOBAL_ACCENT_COLOR_NAME = AccentColor;
				CODE_SIGN_STYLE = Automatic;
				CURRENT_PROJECT_VERSION = 1;
				GENERATE_INFOPLIST_FILE = YES;
				INFOPLIST_FILE = vegasPoker/Info.plist;
				INFOPLIST_KEY_UIApplicationSupportsIndirectInputEvents = YES;
				INFOPLIST_KEY_UILaunchStoryboardName = LaunchScreen;
				INFOPLIST_KEY_UIMainStoryboardFile = Main;
				INFOPLIST_KEY_UISupportedInterfaceOrientations_iPad = "UIInterfaceOrientationPortrait UIInterfaceOrientationPortraitUpsideDown UIInterfaceOrientationLandscapeLeft UIInterfaceOrientationLandscapeRight";
				INFOPLIST_KEY_UISupportedInterfaceOrientations_iPhone = "UIInterfaceOrientationPortrait UIInterfaceOrientationLandscapeLeft UIInterfaceOrientationLandscapeRight";
				LD_RUNPATH_SEARCH_PATHS = (
					"$(inherited)",
					"@executable_path/Frameworks",
				);
				MARKETING_VERSION = 1.0;
				PRODUCT_BUNDLE_IDENTIFIER = com.sohail.vegasPoker;
				PRODUCT_NAME = "$(TARGET_NAME)";
				SWIFT_EMIT_LOC_STRINGS = YES;
				SWIFT_VERSION = 5.0;
				TARGETED_DEVICE_FAMILY = "1,2";
			};
			name = Release;
		};
		CC171B6B2BF9EDD50057A8C1 /* Debug */ = {
			isa = XCBuildConfiguration;
			buildSettings = {
				ALWAYS_EMBED_SWIFT_STANDARD_LIBRARIES = YES;
				BUNDLE_LOADER = "$(TEST_HOST)";
				CODE_SIGN_STYLE = Automatic;
				CURRENT_PROJECT_VERSION = 1;
				GENERATE_INFOPLIST_FILE = YES;
				IPHONEOS_DEPLOYMENT_TARGET = 17.4;
				MARKETING_VERSION = 1.0;
				PRODUCT_BUNDLE_IDENTIFIER = com.sohail.vegasPokerTests;
				PRODUCT_NAME = "$(TARGET_NAME)";
				SWIFT_EMIT_LOC_STRINGS = NO;
				SWIFT_VERSION = 5.0;
				TARGETED_DEVICE_FAMILY = "1,2";
				TEST_HOST = "$(BUILT_PRODUCTS_DIR)/vegasPoker.app/$(BUNDLE_EXECUTABLE_FOLDER_PATH)/vegasPoker";
			};
			name = Debug;
		};
		CC171B6C2BF9EDD50057A8C1 /* Release */ = {
			isa = XCBuildConfiguration;
			buildSettings = {
				ALWAYS_EMBED_SWIFT_STANDARD_LIBRARIES = YES;
				BUNDLE_LOADER = "$(TEST_HOST)";
				CODE_SIGN_STYLE = Automatic;
				CURRENT_PROJECT_VERSION = 1;
				GENERATE_INFOPLIST_FILE = YES;
				IPHONEOS_DEPLOYMENT_TARGET = 17.4;
				MARKETING_VERSION = 1.0;
				PRODUCT_BUNDLE_IDENTIFIER = com.sohail.vegasPokerTests;
				PRODUCT_NAME = "$(TARGET_NAME)";
				SWIFT_EMIT_LOC_STRINGS = NO;
				SWIFT_VERSION = 5.0;
				TARGETED_DEVICE_FAMILY = "1,2";
				TEST_HOST = "$(BUILT_PRODUCTS_DIR)/vegasPoker.app/$(BUNDLE_EXECUTABLE_FOLDER_PATH)/vegasPoker";
			};
			name = Release;
		};
		CC171B6E2BF9EDD50057A8C1 /* Debug */ = {
			isa = XCBuildConfiguration;
			buildSettings = {
				ALWAYS_EMBED_SWIFT_STANDARD_LIBRARIES = YES;
				CODE_SIGN_STYLE = Automatic;
				CURRENT_PROJECT_VERSION = 1;
				GENERATE_INFOPLIST_FILE = YES;
				MARKETING_VERSION = 1.0;
				PRODUCT_BUNDLE_IDENTIFIER = com.sohail.vegasPokerUITests;
				PRODUCT_NAME = "$(TARGET_NAME)";
				SWIFT_EMIT_LOC_STRINGS = NO;
				SWIFT_VERSION = 5.0;
				TARGETED_DEVICE_FAMILY = "1,2";
				TEST_TARGET_NAME = vegasPoker;
			};
			name = Debug;
		};
		CC171B6F2BF9EDD50057A8C1 /* Release */ = {
			isa = XCBuildConfiguration;
			buildSettings = {
				ALWAYS_EMBED_SWIFT_STANDARD_LIBRARIES = YES;
				CODE_SIGN_STYLE = Automatic;
				CURRENT_PROJECT_VERSION = 1;
				GENERATE_INFOPLIST_FILE = YES;
				MARKETING_VERSION = 1.0;
				PRODUCT_BUNDLE_IDENTIFIER = com.sohail.vegasPokerUITests;
				PRODUCT_NAME = "$(TARGET_NAME)";
				SWIFT_EMIT_LOC_STRINGS = NO;
				SWIFT_VERSION = 5.0;
				TARGETED_DEVICE_FAMILY = "1,2";
				TEST_TARGET_NAME = vegasPoker;
			};
			name = Release;
		};
/* End XCBuildConfiguration section */

/* Begin XCConfigurationList section */
		CC171B382BF9EDD30057A8C1 /* Build configuration list for PBXProject "vegasPoker" */ = {
			isa = XCConfigurationList;
			buildConfigurations = (
				CC171B652BF9EDD50057A8C1 /* Debug */,
				CC171B662BF9EDD50057A8C1 /* Release */,
			);
			defaultConfigurationIsVisible = 0;
			defaultConfigurationName = Release;
		};
		CC171B672BF9EDD50057A8C1 /* Build configuration list for PBXNativeTarget "vegasPoker" */ = {
			isa = XCConfigurationList;
			buildConfigurations = (
				CC171B682BF9EDD50057A8C1 /* Debug */,
				CC171B692BF9EDD50057A8C1 /* Release */,
			);
			defaultConfigurationIsVisible = 0;
			defaultConfigurationName = Release;
		};
		CC171B6A2BF9EDD50057A8C1 /* Build configuration list for PBXNativeTarget "vegasPokerTests" */ = {
			isa = XCConfigurationList;
			buildConfigurations = (
				CC171B6B2BF9EDD50057A8C1 /* Debug */,
				CC171B6C2BF9EDD50057A8C1 /* Release */,
			);
			defaultConfigurationIsVisible = 0;
			defaultConfigurationName = Release;
		};
		CC171B6D2BF9EDD50057A8C1 /* Build configuration list for PBXNativeTarget "vegasPokerUITests" */ = {
			isa = XCConfigurationList;
			buildConfigurations = (
				CC171B6E2BF9EDD50057A8C1 /* Debug */,
				CC171B6F2BF9EDD50057A8C1 /* Release */,
			);
			defaultConfigurationIsVisible = 0;
			defaultConfigurationName = Release;
		};
/* End XCConfigurationList section */
	};
	rootObject = CC171B352BF9EDD30057A8C1 /* Project object */;
}
